
Microsoft Visual Studio Solution File, Format Version 12.00
# Visual Studio Version 16
VisualStudioVersion = 16.0.31025.194
MinimumVisualStudioVersion = 10.0.40219.1
Project("{FAE04EC0-301F-11D3-BF4B-00C04F79EFBC}") = "deskHOTEL", "deskHOTEL\deskHOTEL.csproj", "{74CA8AF1-AFCB-4BB0-A597-BB697CFDD31E}"
EndProject
Global
	GlobalSection(SolutionConfigurationPlatforms) = preSolution
		Debug|Any CPU = Debug|Any CPU
		Release|Any CPU = Release|Any CPU
	EndGlobalSection
	GlobalSection(ProjectConfigurationPlatforms) = postSolution
		{74CA8AF1-AFCB-4BB0-A597-BB697CFDD31E}.Debug|Any CPU.ActiveCfg = Debug|Any CPU
		{74CA8AF1-AFCB-4BB0-A597-BB697CFDD31E}.Debug|Any CPU.Build.0 = Debug|Any CPU
		{74CA8AF1-AFCB-4BB0-A597-BB697CFDD31E}.Release|Any CPU.ActiveCfg = Release|Any CPU
		{74CA8AF1-AFCB-4BB0-A597-BB697CFDD31E}.Release|Any CPU.Build.0 = Release|Any CPU
	EndGlobalSection
	GlobalSection(SolutionProperties) = preSolution
		HideSolutionNode = FALSE
	EndGlobalSection
	GlobalSection(ExtensibilityGlobals) = postSolution
		SolutionGuid = {3BBF65F6-EAC0-430D-A0E7-DD394F481B4D}
	EndGlobalSection
EndGlobal
